github.com/BooleanCat/go-functional/v2 v2.3.0 h1:mwVrUa4MSKQNs/N4EPy0fadRLyzP+eoc0NbnzWHEzLM=
github.com/BooleanCat/go-functional/v2 v2.3.0/go.mod h1:IpUUAXAc9CiWDb+YDXkJyyUhtOVqDtyICDRg/de1IaQ=
github.com/BooleanCat/go-functional/v2 v2.5.1 h1:9dMUAHt5TJktTCOwV3EUIgNuGX5MMHGW4g0we+mlzZU=
github.com/BooleanCat/go-functional/v2 v2.5.1/go.mod h1:IpUUAXAc9CiWDb+YDXkJyyUhtOVqDtyICDRg/de1IaQ=
